
Microsoft Visual Studio Solution File, Format Version 12.00
# Visual Studio Version 17
VisualStudioVersion = 17.6.33829.357
MinimumVisualStudioVersion = 10.0.40219.1
Project("{FAE04EC0-301F-11D3-BF4B-00C04F79EFBC}") = "ServerAppTCP", "ServerAppTCP\ServerAppTCP.csproj", "{8B8B3106-DCB2-4E81-AE2B-379F92753876}"
EndProject
Global
	GlobalSection(SolutionConfigurationPlatforms) = preSolution
		Debug|Any CPU = Debug|Any CPU
		Release|Any CPU = Release|Any CPU
	EndGlobalSection
	GlobalSection(ProjectConfigurationPlatforms) = postSolution
		{8B8B3106-DCB2-4E81-AE2B-379F92753876}.Debug|Any CPU.ActiveCfg = Debug|Any CPU
		{8B8B3106-DCB2-4E81-AE2B-379F92753876}.Debug|Any CPU.Build.0 = Debug|Any CPU
		{8B8B3106-DCB2-4E81-AE2B-379F92753876}.Release|Any CPU.ActiveCfg = Release|Any CPU
		{8B8B3106-DCB2-4E81-AE2B-379F92753876}.Release|Any CPU.Build.0 = Release|Any CPU
	EndGlobalSection
	GlobalSection(SolutionProperties) = preSolution
		HideSolutionNode = FALSE
	EndGlobalSection
	GlobalSection(ExtensibilityGlobals) = postSolution
		SolutionGuid = {3BE19760-E348-4E11-B74F-8CB82FF5D7EA}
	EndGlobalSection
EndGlobal
